
Microsoft Visual Studio Solution File, Format Version 12.00
# Visual Studio Version 17
VisualStudioVersion = 17.6.33723.286
MinimumVisualStudioVersion = 10.0.40219.1
Project("{FAE04EC0-301F-11D3-BF4B-00C04F79EFBC}") = "QUANLYSQLC#", "QUANLYSQLC#\QUANLYSQLC#.csproj", "{B2806509-F9AA-4BD8-AD10-982B72478FCD}"
EndProject
Global
	GlobalSection(SolutionConfigurationPlatforms) = preSolution
		Debug|Any CPU = Debug|Any CPU
		Release|Any CPU = Release|Any CPU
	EndGlobalSection
	GlobalSection(ProjectConfigurationPlatforms) = postSolution
		{B2806509-F9AA-4BD8-AD10-982B72478FCD}.Debug|Any CPU.ActiveCfg = Debug|Any CPU
		{B2806509-F9AA-4BD8-AD10-982B72478FCD}.Debug|Any CPU.Build.0 = Debug|Any CPU
		{B2806509-F9AA-4BD8-AD10-982B72478FCD}.Release|Any CPU.ActiveCfg = Release|Any CPU
		{B2806509-F9AA-4BD8-AD10-982B72478FCD}.Release|Any CPU.Build.0 = Release|Any CPU
	EndGlobalSection
	GlobalSection(SolutionProperties) = preSolution
		HideSolutionNode = FALSE
	EndGlobalSection
	GlobalSection(ExtensibilityGlobals) = postSolution
		SolutionGuid = {0CEC0D45-33D2-4598-A24E-B6F54B48BC7D}
	EndGlobalSection
EndGlobal
